uuid: 1f6a6aff-89be-40cc-8227-d7fc91aaebb0
langcode: en
status: true
dependencies:
  content:
    - 'block_content:basic:f9286ae7-61c5-4b5b-8198-43576a00d122'
  module:
    - block_content
  theme:
    - olivero
id: olivero_welcomeblock
theme: olivero
region: sidebar
weight: -6
provider: null
plugin: 'block_content:f9286ae7-61c5-4b5b-8198-43576a00d122'
settings:
  id: 'block_content:f9286ae7-61c5-4b5b-8198-43576a00d122'
  label: 'welcome block'
  label_display: visible
  provider: block_content
  status: true
  info: ''
  view_mode: full
visibility: {  }
